github.com/huandu/xstrings v1.2.1 h1:v6IdmkCnDhJG/S0ivr58PeIfg+tyhqQYy4YsCsQ0Pdc=
github.com/huandu/xstrings v1.2.1/go.mod h1:y5/lhBue+AyNmUVz9RLU9xbLR0o4KIIExikq4ovT0aE=
github.com/mattn/go-runewidth v0.0.6 h1:V2iyH+aX9C5fsYCpK60U8BYIvmhqxuOL3JZcqc1NB7k=
github.com/mattn/go-runewidth v0.0.6/go.mod h1:H031xJmbD/WCDINGzjvQ9THkh0rPKHF+m2gUSrubnMI=
github.com/nsf/termbox-go v0.0.0-20190817171036-93860e161317 h1:hhGN4SFXgXo61Q4Sjj/X9sBjyeSa2kdpaOzCO+8EVQw=
github.com/nsf/termbox-go v0.0.0-20190817171036-93860e161317/go.mod h1:IuKpRQcYE1Tfu+oAQqaLisqDeXgjyyltCfsaoYN18NQ=
github.com/tralexa/clui v1.2.0 h1:2EDUr9Yhu9Q06f6GDHI3Y65F7y2DJpnA7LuuFSuJBPQ=
golang.org/x/text v0.0.0-20170915032832-14c0d48ead0c h1:qgOY6WgZOaTkIIMiVjBQcw93ERBE4m30iBm00nkL0i8=
golang.org/x/text v0.0.0-20170915032832-14c0d48ead0c/go.mod h1:NqM8EUOU14njkJ3fqMW+pc6Ldnwhi/IjpwHt7yyuwOQ=
rsc.io/quote v1.5.2 h1:w5fcysjrx7yqtD/aO+QwRjYZOKnaM9Uh2b40tElTs3Y=
rsc.io/quote v1.5.2/go.mod h1:LzX7hefJvL54yjefDEDHNONDjII0t9xZLPXsUe+TKr0=
rsc.io/sampler v1.3.0 h1:7uVkIFmeBqHfdjD+gZwtXXI+RODJ2Wc4O7MPEh/QiW4=
rsc.io/sampler v1.3.0/go.mod h1:T1hPZKmBbMNahiBKFy5HrXp6adAjACjK9JXDnKaTXpA=
